{
  "name": "todo",
  "version": "1.0.0",
  "lockfileVersion": 2,
  "requires": true,
  "packages": {
    "": {
      "name": "todo",
      "version": "1.0.0",
      "license": "ISC",
      "dependencies": {
        "lin-ui": "^0.9.5"
      }
    },
    "node_modules/lin-ui": {
      "version": "0.9.5",
      "resolved": "https://registry.npmmirror.com/lin-ui/download/lin-ui-0.9.5.tgz",
      "integrity": "sha512-AAVhj77zs7cl5CXt0yl2VvCBB+mS0cBpXx74GALdNQrBCiLuz643gA45YdZGwp6NWTHyJA7PMP8eNuj9k+8UOA=="
    }
  },
  "dependencies": {
    "lin-ui": {
      "version": "0.9.5",
      "resolved": "https://registry.npmmirror.com/lin-ui/download/lin-ui-0.9.5.tgz",
      "integrity": "sha512-AAVhj77zs7cl5CXt0yl2VvCBB+mS0cBpXx74GALdNQrBCiLuz643gA45YdZGwp6NWTHyJA7PMP8eNuj9k+8UOA=="
    }
  }
}
